// !$*UTF8*$!
{
	archiveVersion = 1;
	classes = {
	};
	objectVersion = 50;
	objects = {

/* Begin PBXBuildFile section */
		3059492921B519CF0082FB01 /* AppDelegate.swift in Sources */ = {isa = PBXBuildFile; fileRef = 3059492821B519CF0082FB01 /* AppDelegate.swift */; };
		3059493021B519D00082FB01 /* Assets.xcassets in Resources */ = {isa = PBXBuildFile; fileRef = 3059492F21B519D00082FB01 /* Assets.xcassets */; };
		3059493321B519D00082FB01 /* LaunchScreen.storyboard in Resources */ = {isa = PBXBuildFile; fileRef = 3059493121B519D00082FB01 /* LaunchScreen.storyboard */; };
		307F2AB321B51B2900B137E6 /* Driver.swift in Sources */ = {isa = PBXBuildFile; fileRef = 307F2AB221B51B2900B137E6 /* Driver.swift */; };
		307F2AB621B51B7700B137E6 /* AppState.swift in Sources */ = {isa = PBXBuildFile; fileRef = 307F2AB521B51B7700B137E6 /* AppState.swift */; };
		307F2AB821B51C2B00B137E6 /* VirtualViewControllers.swift in Sources */ = {isa = PBXBuildFile; fileRef = 307F2AB721B51C2B00B137E6 /* VirtualViewControllers.swift */; };
		307F2ABA21B51C8400B137E6 /* VirtualViews.swift in Sources */ = {isa = PBXBuildFile; fileRef = 307F2AB921B51C8400B137E6 /* VirtualViews.swift */; };
		307F2ABC21B5210E00B137E6 /* VirtualViews+Rendering.swift in Sources */ = {isa = PBXBuildFile; fileRef = 307F2ABB21B5210E00B137E6 /* VirtualViews+Rendering.swift */; };
		E333D64321CA9B1400788257 /* Command.swift in Sources */ = {isa = PBXBuildFile; fileRef = E333D64221CA9B1400788257 /* Command.swift */; };
/* End PBXBuildFile section */

/* Begin PBXFileReference section */
		3059492521B519CF0082FB01 /* SwiftElmButtonSample.app */ = {isa = PBXFileReference; explicitFileType = wrapper.application; includeInIndex = 0; path = SwiftElmButtonSample.app; sourceTree = BUILT_PRODUCTS_DIR; };
		3059492821B519CF0082FB01 /* AppDelegate.swift */ = {isa = PBXFileReference; lastKnownFileType = sourcecode.swift; path = AppDelegate.swift; sourceTree = "<group>"; };
		3059492F21B519D00082FB01 /* Assets.xcassets */ = {isa = PBXFileReference; lastKnownFileType = folder.assetcatalog; path = Assets.xcassets; sourceTree = "<group>"; };
		3059493221B519D00082FB01 /* Base */ = {isa = PBXFileReference; lastKnownFileType = file.storyboard; name = Base; path = Base.lproj/LaunchScreen.storyboard; sourceTree = "<group>"; };
		3059493421B519D00082FB01 /* Info.plist */ = {isa = PBXFileReference; lastKnownFileType = text.plist.xml; path = Info.plist; sourceTree = "<group>"; };
		307F2AB221B51B2900B137E6 /* Driver.swift */ = {isa = PBXFileReference; lastKnownFileType = sourcecode.swift; path = Driver.swift; sourceTree = "<group>"; };
		307F2AB521B51B7700B137E6 /* AppState.swift */ = {isa = PBXFileReference; lastKnownFileType = sourcecode.swift; path = AppState.swift; sourceTree = "<group>"; };
		307F2AB721B51C2B00B137E6 /* VirtualViewControllers.swift */ = {isa = PBXFileReference; lastKnownFileType = sourcecode.swift; path = VirtualViewControllers.swift; sourceTree = "<group>"; };
		307F2AB921B51C8400B137E6 /* VirtualViews.swift */ = {isa = PBXFileReference; lastKnownFileType = sourcecode.swift; path = VirtualViews.swift; sourceTree = "<group>"; };
		307F2ABB21B5210E00B137E6 /* VirtualViews+Rendering.swift */ = {isa = PBXFileReference; lastKnownFileType = sourcecode.swift; path = "VirtualViews+Rendering.swift"; sourceTree = "<group>"; };
		E333D64221CA9B1400788257 /* Command.swift */ = {isa = PBXFileReference; lastKnownFileType = sourcecode.swift; path = Command.swift; sourceTree = "<group>"; };
/* End PBXFileReference section */

/* Begin PBXFrameworksBuildPhase section */
		3059492221B519CF0082FB01 /* Frameworks */ = {
			isa = PBXFrameworksBuildPhase;
			buildActionMask = 2147483647;
			files = (
			);
			runOnlyForDeploymentPostprocessing = 0;
		};
/* End PBXFrameworksBuildPhase section */

/* Begin PBXGroup section */
		3059491C21B519CF0082FB01 = {
			isa = PBXGroup;
			children = (
				3059492721B519CF0082FB01 /* SwiftElmButtonSample */,
				3059492621B519CF0082FB01 /* Products */,
			);
			sourceTree = "<group>";
		};
		3059492621B519CF0082FB01 /* Products */ = {
			isa = PBXGroup;
			children = (
				3059492521B519CF0082FB01 /* SwiftElmButtonSample.app */,
			);
			name = Products;
			sourceTree = "<group>";
		};
		3059492721B519CF0082FB01 /* SwiftElmButtonSample */ = {
			isa = PBXGroup;
			children = (
				307F2AB521B51B7700B137E6 /* AppState.swift */,
				307F2AB121B51B1E00B137E6 /* Elm */,
				3059492821B519CF0082FB01 /* AppDelegate.swift */,
				3059492F21B519D00082FB01 /* Assets.xcassets */,
				3059493121B519D00082FB01 /* LaunchScreen.storyboard */,
				3059493421B519D00082FB01 /* Info.plist */,
			);
			path = SwiftElmButtonSample;
			sourceTree = "<group>";
		};
		307F2AB121B51B1E00B137E6 /* Elm */ = {
			isa = PBXGroup;
			children = (
				307F2AB221B51B2900B137E6 /* Driver.swift */,
				307F2AB721B51C2B00B137E6 /* VirtualViewControllers.swift */,
				307F2AB921B51C8400B137E6 /* VirtualViews.swift */,
				307F2ABB21B5210E00B137E6 /* VirtualViews+Rendering.swift */,
				E333D64221CA9B1400788257 /* Command.swift */,
			);
			path = Elm;
			sourceTree = "<group>";
		};
/* End PBXGroup section */

/* Begin PBXNativeTarget section */
		3059492421B519CF0082FB01 /* SwiftElmButtonSample */ = {
			isa = PBXNativeTarget;
			buildConfigurationList = 3059494D21B519D00082FB01 /* Build configuration list for PBXNativeTarget "SwiftElmButtonSample" */;
			buildPhases = (
				3059492121B519CF0082FB01 /* Sources */,
				3059492221B519CF0082FB01 /* Frameworks */,
				3059492321B519CF0082FB01 /* Resources */,
			);
			buildRules = (
			);
			dependencies = (
			);
			name = SwiftElmButtonSample;
			productName = SwiftElmSample;
			productReference = 3059492521B519CF0082FB01 /* SwiftElmButtonSample.app */;
			productType = "com.apple.product-type.application";
		};
/* End PBXNativeTarget section */

/* Begin PBXProject section */
		3059491D21B519CF0082FB01 /* Project object */ = {
			isa = PBXProject;
			attributes = {
				LastSwiftUpdateCheck = 1010;
				LastUpgradeCheck = 1010;
				TargetAttributes = {
					3059492421B519CF0082FB01 = {
						CreatedOnToolsVersion = 10.1;
					};
				};
			};
			buildConfigurationList = 3059492021B519CF0082FB01 /* Build configuration list for PBXProject "SwiftElmButtonSample" */;
			compatibilityVersion = "Xcode 9.3";
			developmentRegion = en;
			hasScannedForEncodings = 0;
			knownRegions = (
				en,
				Base,
			);
			mainGroup = 3059491C21B519CF0082FB01;
			productRefGroup = 3059492621B519CF0082FB01 /* Products */;
			projectDirPath = "";
			projectRoot = "";
			targets = (
				3059492421B519CF0082FB01 /* SwiftElmButtonSample */,
			);
		};
/* End PBXProject section */

/* Begin PBXResourcesBuildPhase section */
		3059492321B519CF0082FB01 /* Resources */ = {
			isa = PBXResourcesBuildPhase;
			buildActionMask = 2147483647;
			files = (
				3059493321B519D00082FB01 /* LaunchScreen.storyboard in Resources */,
				3059493021B519D00082FB01 /* Assets.xcassets in Resources */,
			);
			runOnlyForDeploymentPostprocessing = 0;
		};
/* End PBXResourcesBuildPhase section */

/* Begin PBXSourcesBuildPhase section */
		3059492121B519CF0082FB01 /* Sources */ = {
			isa = PBXSourcesBuildPhase;
			buildActionMask = 2147483647;
			files = (
				307F2AB321B51B2900B137E6 /* Driver.swift in Sources */,
				307F2ABC21B5210E00B137E6 /* VirtualViews+Rendering.swift in Sources */,
				307F2ABA21B51C8400B137E6 /* VirtualViews.swift in Sources */,
				307F2AB621B51B7700B137E6 /* AppState.swift in Sources */,
				E333D64321CA9B1400788257 /* Command.swift in Sources */,
				3059492921B519CF0082FB01 /* AppDelegate.swift in Sources */,
				307F2AB821B51C2B00B137E6 /* VirtualViewControllers.swift in Sources */,
			);
			runOnlyForDeploymentPostprocessing = 0;
		};
/* End PBXSourcesBuildPhase section */

/* Begin PBXVariantGroup section */
		3059493121B519D00082FB01 /* LaunchScreen.storyboard */ = {
			isa = PBXVariantGroup;
			children = (
				3059493221B519D00082FB01 /* Base */,
			);
			name = LaunchScreen.storyboard;
			sourceTree = "<group>";
		};
/* End PBXVariantGroup section */

/* Begin XCBuildConfiguration section */
		3059494B21B519D00082FB01 /* Debug */ = {
			isa = XCBuildConfiguration;
			buildSettings = {
				ALWAYS_SEARCH_USER_PATHS = NO;
				CLANG_ANALYZER_NONNULL = YES;
				CLANG_ANALYZER_NUMBER_OBJECT_CONVERSION = YES_AGGRESSIVE;
				CLANG_CXX_LANGUAGE_STANDARD = "gnu++14";
				CLANG_CXX_LIBRARY = "libc++";
				CLANG_ENABLE_MODULES = YES;
				CLANG_ENABLE_OBJC_ARC = YES;
				CLANG_ENABLE_OBJC_WEAK = YES;
				CLANG_WARN_BLOCK_CAPTURE_AUTORELEASING = YES;
				CLANG_WARN_BOOL_CONVERSION = YES;
				CLANG_WARN_COMMA = YES;
				CLANG_WARN_CONSTANT_CONVERSION = YES;
				CLANG_WARN_DEPRECATED_OBJC_IMPLEMENTATIONS = YES;
				CLANG_WARN_DIRECT_OBJC_ISA_USAGE = YES_ERROR;
				CLANG_WARN_DOCUMENTATION_COMMENTS = YES;
				CLANG_WARN_EMPTY_BODY = YES;
				CLANG_WARN_ENUM_CONVERSION = YES;
				CLANG_WARN_INFINITE_RECURSION = YES;
				CLANG_WARN_INT_CONVERSION = YES;
				CLANG_WARN_NON_LITERAL_NULL_CONVERSION = YES;
				CLANG_WARN_OBJC_IMPLICIT_RETAIN_SELF = YES;
				CLANG_WARN_OBJC_LITERAL_CONVERSION = YES;
				CLANG_WARN_OBJC_ROOT_CLASS = YES_ERROR;
				CLANG_WARN_RANGE_LOOP_ANALYSIS = YES;
				CLANG_WARN_STRICT_PROTOTYPES = YES;
				CLANG_WARN_SUSPICIOUS_MOVE = YES;
				CLANG_WARN_UNGUARDED_AVAILABILITY = YES_AGGRESSIVE;
				CLANG_WARN_UNREACHABLE_CODE = YES;
				CLANG_WARN__DUPLICATE_METHOD_MATCH = YES;
				CODE_SIGN_IDENTITY = "iPhone Developer";
				COPY_PHASE_STRIP = NO;
				DEBUG_INFORMATION_FORMAT = dwarf;
				ENABLE_STRICT_OBJC_MSGSEND = YES;
				ENABLE_TESTABILITY = YES;
				GCC_C_LANGUAGE_STANDARD = gnu11;
				GCC_DYNAMIC_NO_PIC = NO;
				GCC_NO_COMMON_BLOCKS = YES;
				GCC_OPTIMIZATION_LEVEL = 0;
				GCC_PREPROCESSOR_DEFINITIONS = (
					"DEBUG=1",
					"$(inherited)",
				);
				GCC_WARN_64_TO_32_BIT_CONVERSION = YES;
				GCC_WARN_ABOUT_RETURN_TYPE = YES_ERROR;
				GCC_WARN_UNDECLARED_SELECTOR = YES;
				GCC_WARN_UNINITIALIZED_AUTOS = YES_AGGRESSIVE;
				GCC_WARN_UNUSED_FUNCTION = YES;
				GCC_WARN_UNUSED_VARIABLE = YES;
				IPHONEOS_DEPLOYMENT_TARGET = 12.1;
				MTL_ENABLE_DEBUG_INFO = INCLUDE_SOURCE;
				MTL_FAST_MATH = YES;
				ONLY_ACTIVE_ARCH = YES;
				SDKROOT = iphoneos;
				SWIFT_ACTIVE_COMPILATION_CONDITIONS = DEBUG;
				SWIFT_OPTIMIZATION_LEVEL = "-Onone";
			};
			name = Debug;
		};
		3059494C21B519D00082FB01 /* Release */ = {
			isa = XCBuildConfiguration;
			buildSettings = {
				ALWAYS_SEARCH_USER_PATHS = NO;
				CLANG_ANALYZER_NONNULL = YES;
				CLANG_ANALYZER_NUMBER_OBJECT_CONVERSION = YES_AGGRESSIVE;
				CLANG_CXX_LANGUAGE_STANDARD = "gnu++14";
				CLANG_CXX_LIBRARY = "libc++";
				CLANG_ENABLE_MODULES = YES;
				CLANG_ENABLE_OBJC_ARC = YES;
				CLANG_ENABLE_OBJC_WEAK = YES;
				CLANG_WARN_BLOCK_CAPTURE_AUTORELEASING = YES;
				CLANG_WARN_BOOL_CONVERSION = YES;
				CLANG_WARN_COMMA = YES;
				CLANG_WARN_CONSTANT_CONVERSION = YES;
				CLANG_WARN_DEPRECATED_OBJC_IMPLEMENTATIONS = YES;
				CLANG_WARN_DIRECT_OBJC_ISA_USAGE = YES_ERROR;
				CLANG_WARN_DOCUMENTATION_COMMENTS = YES;
				CLANG_WARN_EMPTY_BODY = YES;
				CLANG_WARN_ENUM_CONVERSION = YES;
				CLANG_WARN_INFINITE_RECURSION = YES;
				CLANG_WARN_INT_CONVERSION = YES;
				CLANG_WARN_NON_LITERAL_NULL_CONVERSION = YES;
				CLANG_WARN_OBJC_IMPLICIT_RETAIN_SELF = YES;
				CLANG_WARN_OBJC_LITERAL_CONVERSION = YES;
				CLANG_WARN_OBJC_ROOT_CLASS = YES_ERROR;
				CLANG_WARN_RANGE_LOOP_ANALYSIS = YES;
				CLANG_WARN_STRICT_PROTOTYPES = YES;
				CLANG_WARN_SUSPICIOUS_MOVE = YES;
				CLANG_WARN_UNGUARDED_AVAILABILITY = YES_AGGRESSIVE;
				CLANG_WARN_UNREACHABLE_CODE = YES;
				CLANG_WARN__DUPLICATE_METHOD_MATCH = YES;
				CODE_SIGN_IDENTITY = "iPhone Developer";
				COPY_PHASE_STRIP = NO;
				DEBUG_INFORMATION_FORMAT = "dwarf-with-dsym";
				ENABLE_NS_ASSERTIONS = NO;
				ENABLE_STRICT_OBJC_MSGSEND = YES;
				GCC_C_LANGUAGE_STANDARD = gnu11;
				GCC_NO_COMMON_BLOCKS = YES;
				GCC_WARN_64_TO_32_BIT_CONVERSION = YES;
				GCC_WARN_ABOUT_RETURN_TYPE = YES_ERROR;
				GCC_WARN_UNDECLARED_SELECTOR = YES;
				GCC_WARN_UNINITIALIZED_AUTOS = YES_AGGRESSIVE;
				GCC_WARN_UNUSED_FUNCTION = YES;
				GCC_WARN_UNUSED_VARIABLE = YES;
				IPHONEOS_DEPLOYMENT_TARGET = 12.1;
				MTL_ENABLE_DEBUG_INFO = NO;
				MTL_FAST_MATH = YES;
				SDKROOT = iphoneos;
				SWIFT_COMPILATION_MODE = wholemodule;
				SWIFT_OPTIMIZATION_LEVEL = "-O";
				VALIDATE_PRODUCT = YES;
			};
			name = Release;
		};
		3059494E21B519D00082FB01 /* Debug */ = {
			isa = XCBuildConfiguration;
			buildSettings = {
				ASSETCATALOG_COMPILER_APPICON_NAME = AppIcon;
				CODE_SIGN_STYLE = Automatic;
				DEVELOPMENT_TEAM = 4DNR887AL8;
				INFOPLIST_FILE = SwiftElmButtonSample/Info.plist;
				LD_RUNPATH_SEARCH_PATHS = (
					"$(inherited)",
					"@executable_path/Frameworks",
				);
				PRODUCT_BUNDLE_IDENTIFIER = "com.yoshikuni-web.SwiftElmButtonSample";
				PRODUCT_NAME = "$(TARGET_NAME)";
				SWIFT_VERSION = 4.2;
				TARGETED_DEVICE_FAMILY = "1,2";
			};
			name = Debug;
		};
		3059494F21B519D00082FB01 /* Release */ = {
			isa = XCBuildConfiguration;
			buildSettings = {
				ASSETCATALOG_COMPILER_APPICON_NAME = AppIcon;
				CODE_SIGN_STYLE = Automatic;
				DEVELOPMENT_TEAM = 4DNR887AL8;
				INFOPLIST_FILE = SwiftElmButtonSample/Info.plist;
				LD_RUNPATH_SEARCH_PATHS = (
					"$(inherited)",
					"@executable_path/Frameworks",
				);
				PRODUCT_BUNDLE_IDENTIFIER = "com.yoshikuni-web.SwiftElmButtonSample";
				PRODUCT_NAME = "$(TARGET_NAME)";
				SWIFT_VERSION = 4.2;
				TARGETED_DEVICE_FAMILY = "1,2";
			};
			name = Release;
		};
/* End XCBuildConfiguration section */

/* Begin XCConfigurationList section */
		3059492021B519CF0082FB01 /* Build configuration list for PBXProject "SwiftElmButtonSample" */ = {
			isa = XCConfigurationList;
			buildConfigurations = (
				3059494B21B519D00082FB01 /* Debug */,
				3059494C21B519D00082FB01 /* Release */,
			);
			defaultConfigurationIsVisible = 0;
			defaultConfigurationName = Release;
		};
		3059494D21B519D00082FB01 /* Build configuration list for PBXNativeTarget "SwiftElmButtonSample" */ = {
			isa = XCConfigurationList;
			buildConfigurations = (
				3059494E21B519D00082FB01 /* Debug */,
				3059494F21B519D00082FB01 /* Release */,
			);
			defaultConfigurationIsVisible = 0;
			defaultConfigurationName = Release;
		};
/* End XCConfigurationList section */
	};
	rootObject = 3059491D21B519CF0082FB01 /* Project object */;
}
